// !$*UTF8*$!
{
	archiveVersion = 1;
	classes = {
	};
	objectVersion = 50;
	objects = {

/* Begin PBXBuildFile section */
		D0773A3B236B9A820066C2A8 /* AppDelegate.swift in Sources */ = {isa = PBXBuildFile; fileRef = D0773A3A236B9A820066C2A8 /* AppDelegate.swift */; };
		D0773A3D236B9A820066C2A8 /* SceneDelegate.swift in Sources */ = {isa = PBXBuildFile; fileRef = D0773A3C236B9A820066C2A8 /* SceneDelegate.swift */; };
		D0773A3F236B9A820066C2A8 /* ViewController.swift in Sources */ = {isa = PBXBuildFile; fileRef = D0773A3E236B9A820066C2A8 /* ViewController.swift */; };
		D0773A42236B9A820066C2A8 /* Main.storyboard in Resources */ = {isa = PBXBuildFile; fileRef = D0773A40236B9A820066C2A8 /* Main.storyboard */; };
		D0773A44236B9A830066C2A8 /* Assets.xcassets in Resources */ = {isa = PBXBuildFile; fileRef = D0773A43236B9A830066C2A8 /* Assets.xcassets */; };
		D0773A47236B9A830066C2A8 /* LaunchScreen.storyboard in Resources */ = {isa = PBXBuildFile; fileRef = D0773A45236B9A830066C2A8 /* LaunchScreen.storyboard */; };
		F697F412D1463B04DC1BBA3E /* Pods_ZippyJsonProject.framework in Frameworks */ = {isa = PBXBuildFile; fileRef = E35C6AAEC1C1790531E2DDCE /* Pods_ZippyJsonProject.framework */; };
/* End PBXBuildFile section */

/* Begin PBXFileReference section */
		81D1EA5F443229843EA33630 /* Pods-ZippyJsonProject.release.xcconfig */ = {isa = PBXFileReference; includeInIndex = 1; lastKnownFileType = text.xcconfig; name = "Pods-ZippyJsonProject.release.xcconfig"; path = "Target Support Files/Pods-ZippyJsonProject/Pods-ZippyJsonProject.release.xcconfig"; sourceTree = "<group>"; };
		BBF4B3EE7ACCD32D56C1FFC2 /* Pods-ZippyJsonProject.debug.xcconfig */ = {isa = PBXFileReference; includeInIndex = 1; lastKnownFileType = text.xcconfig; name = "Pods-ZippyJsonProject.debug.xcconfig"; path = "Target Support Files/Pods-ZippyJsonProject/Pods-ZippyJsonProject.debug.xcconfig"; sourceTree = "<group>"; };
		D0773A37236B9A820066C2A8 /* ZippyJsonProject.app */ = {isa = PBXFileReference; explicitFileType = wrapper.application; includeInIndex = 0; path = ZippyJsonProject.app; sourceTree = BUILT_PRODUCTS_DIR; };
		D0773A3A236B9A820066C2A8 /* AppDelegate.swift */ = {isa = PBXFileReference; lastKnownFileType = sourcecode.swift; path = AppDelegate.swift; sourceTree = "<group>"; };
		D0773A3C236B9A820066C2A8 /* SceneDelegate.swift */ = {isa = PBXFileReference; lastKnownFileType = sourcecode.swift; path = SceneDelegate.swift; sourceTree = "<group>"; };
		D0773A3E236B9A820066C2A8 /* ViewController.swift */ = {isa = PBXFileReference; lastKnownFileType = sourcecode.swift; path = ViewController.swift; sourceTree = "<group>"; };
		D0773A41236B9A820066C2A8 /* Base */ = {isa = PBXFileReference; lastKnownFileType = file.storyboard; name = Base; path = Base.lproj/Main.storyboard; sourceTree = "<group>"; };
		D0773A43236B9A830066C2A8 /* Assets.xcassets */ = {isa = PBXFileReference; lastKnownFileType = folder.assetcatalog; path = Assets.xcassets; sourceTree = "<group>"; };
		D0773A46236B9A830066C2A8 /* Base */ = {isa = PBXFileReference; lastKnownFileType = file.storyboard; name = Base; path = Base.lproj/LaunchScreen.storyboard; sourceTree = "<group>"; };
		D0773A48236B9A830066C2A8 /* Info.plist */ = {isa = PBXFileReference; lastKnownFileType = text.plist.xml; path = Info.plist; sourceTree = "<group>"; };
		E35C6AAEC1C1790531E2DDCE /* Pods_ZippyJsonProject.framework */ = {isa = PBXFileReference; explicitFileType = wrapper.framework; includeInIndex = 0; path = Pods_ZippyJsonProject.framework; sourceTree = BUILT_PRODUCTS_DIR; };
/* End PBXFileReference section */

/* Begin PBXFrameworksBuildPhase section */
		D0773A34236B9A820066C2A8 /* Frameworks */ = {
			isa = PBXFrameworksBuildPhase;
			buildActionMask = 2147483647;
			files = (
				F697F412D1463B04DC1BBA3E /* Pods_ZippyJsonProject.framework in Frameworks */,
			);
			runOnlyForDeploymentPostprocessing = 0;
		};
/* End PBXFrameworksBuildPhase section */

/* Begin PBXGroup section */
		301A83F3B31D1681406B246D /* Pods */ = {
			isa = PBXGroup;
			children = (
				BBF4B3EE7ACCD32D56C1FFC2 /* Pods-ZippyJsonProject.debug.xcconfig */,
				81D1EA5F443229843EA33630 /* Pods-ZippyJsonProject.release.xcconfig */,
			);
			name = Pods;
			path = Pods;
			sourceTree = "<group>";
		};
		D0773A2E236B9A820066C2A8 = {
			isa = PBXGroup;
			children = (
				D0773A39236B9A820066C2A8 /* ZippyJsonProject */,
				D0773A38236B9A820066C2A8 /* Products */,
				301A83F3B31D1681406B246D /* Pods */,
				FBB970BB7C3729689972A1D3 /* Frameworks */,
			);
			sourceTree = "<group>";
		};
		D0773A38236B9A820066C2A8 /* Products */ = {
			isa = PBXGroup;
			children = (
				D0773A37236B9A820066C2A8 /* ZippyJsonProject.app */,
			);
			name = Products;
			sourceTree = "<group>";
		};
		D0773A39236B9A820066C2A8 /* ZippyJsonProject */ = {
			isa = PBXGroup;
			children = (
				D0773A3A236B9A820066C2A8 /* AppDelegate.swift */,
				D0773A3C236B9A820066C2A8 /* SceneDelegate.swift */,
				D0773A3E236B9A820066C2A8 /* ViewController.swift */,
				D0773A40236B9A820066C2A8 /* Main.storyboard */,
				D0773A43236B9A830066C2A8 /* Assets.xcassets */,
				D0773A45236B9A830066C2A8 /* LaunchScreen.storyboard */,
				D0773A48236B9A830066C2A8 /* Info.plist */,
			);
			path = ZippyJsonProject;
			sourceTree = "<group>";
		};
		FBB970BB7C3729689972A1D3 /* Frameworks */ = {
			isa = PBXGroup;
			children = (
				E35C6AAEC1C1790531E2DDCE /* Pods_ZippyJsonProject.framework */,
			);
			name = Frameworks;
			sourceTree = "<group>";
		};
/* End PBXGroup section */

/* Begin PBXNativeTarget section */
		D0773A36236B9A820066C2A8 /* ZippyJsonProject */ = {
			isa = PBXNativeTarget;
			buildConfigurationList = D0773A4B236B9A830066C2A8 /* Build configuration list for PBXNativeTarget "ZippyJsonProject" */;
			buildPhases = (
				F037409E3BDCFA50C03D3052 /* [CP] Check Pods Manifest.lock */,
				D0773A33236B9A820066C2A8 /* Sources */,
				D0773A34236B9A820066C2A8 /* Frameworks */,
				D0773A35236B9A820066C2A8 /* Resources */,
				192FAF35DC8BBD1EB8D69F43 /* [CP] Embed Pods Frameworks */,
			);
			buildRules = (
			);
			dependencies = (
			);
			name = ZippyJsonProject;
			productName = ZippyJsonProject;
			productReference = D0773A37236B9A820066C2A8 /* ZippyJsonProject.app */;
			productType = "com.apple.product-type.application";
		};
/* End PBXNativeTarget section */

/* Begin PBXProject section */
		D0773A2F236B9A820066C2A8 /* Project object */ = {
			isa = PBXProject;
			attributes = {
				LastSwiftUpdateCheck = 1110;
				LastUpgradeCheck = 1110;
				ORGANIZATIONNAME = "Noah Gilmore";
				TargetAttributes = {
					D0773A36236B9A820066C2A8 = {
						CreatedOnToolsVersion = 11.1;
					};
				};
			};
			buildConfigurationList = D0773A32236B9A820066C2A8 /* Build configuration list for PBXProject "ZippyJsonProject" */;
			compatibilityVersion = "Xcode 9.3";
			developmentRegion = en;
			hasScannedForEncodings = 0;
			knownRegions = (
				en,
				Base,
			);
			mainGroup = D0773A2E236B9A820066C2A8;
			productRefGroup = D0773A38236B9A820066C2A8 /* Products */;
			projectDirPath = "";
			projectRoot = "";
			targets = (
				D0773A36236B9A820066C2A8 /* ZippyJsonProject */,
			);
		};
/* End PBXProject section */

/* Begin PBXResourcesBuildPhase section */
		D0773A35236B9A820066C2A8 /* Resources */ = {
			isa = PBXResourcesBuildPhase;
			buildActionMask = 2147483647;
			files = (
				D0773A47236B9A830066C2A8 /* LaunchScreen.storyboard in Resources */,
				D0773A44236B9A830066C2A8 /* Assets.xcassets in Resources */,
				D0773A42236B9A820066C2A8 /* Main.storyboard in Resources */,
			);
			runOnlyForDeploymentPostprocessing = 0;
		};
/* End PBXResourcesBuildPhase section */

/* Begin PBXShellScriptBuildPhase section */
		192FAF35DC8BBD1EB8D69F43 /* [CP] Embed Pods Frameworks */ = {
			isa = PBXShellScriptBuildPhase;
			buildActionMask = 2147483647;
			files = (
			);
			inputFileListPaths = (
				"${PODS_ROOT}/Target Support Files/Pods-ZippyJsonProject/Pods-ZippyJsonProject-frameworks-${CONFIGURATION}-input-files.xcfilelist",
			);
			name = "[CP] Embed Pods Frameworks";
			outputFileListPaths = (
				"${PODS_ROOT}/Target Support Files/Pods-ZippyJsonProject/Pods-ZippyJsonProject-frameworks-${CONFIGURATION}-output-files.xcfilelist",
			);
			runOnlyForDeploymentPostprocessing = 0;
			shellPath = /bin/sh;
			shellScript = "\"${PODS_ROOT}/Target Support Files/Pods-ZippyJsonProject/Pods-ZippyJsonProject-frameworks.sh\"\n";
			showEnvVarsInLog = 0;
		};
		F037409E3BDCFA50C03D3052 /* [CP] Check Pods Manifest.lock */ = {
			isa = PBXShellScriptBuildPhase;
			buildActionMask = 2147483647;
			files = (
			);
			inputFileListPaths = (
			);
			inputPaths = (
				"${PODS_PODFILE_DIR_PATH}/Podfile.lock",
				"${PODS_ROOT}/Manifest.lock",
			);
			name = "[CP] Check Pods Manifest.lock";
			outputFileListPaths = (
			);
			outputPaths = (
				"$(DERIVED_FILE_DIR)/Pods-ZippyJsonProject-checkManifestLockResult.txt",
			);
			runOnlyForDeploymentPostprocessing = 0;
			shellPath = /bin/sh;
			shellScript = "diff \"${PODS_PODFILE_DIR_PATH}/Podfile.lock\" \"${PODS_ROOT}/Manifest.lock\" > /dev/null\nif [ $? != 0 ] ; then\n    # print error to STDERR\n    echo \"error: The sandbox is not in sync with the Podfile.lock. Run 'pod install' or update your CocoaPods installation.\" >&2\n    exit 1\nfi\n# This output is used by Xcode 'outputs' to avoid re-running this script phase.\necho \"SUCCESS\" > \"${SCRIPT_OUTPUT_FILE_0}\"\n";
			showEnvVarsInLog = 0;
		};
/* End PBXShellScriptBuildPhase section */

/* Begin PBXSourcesBuildPhase section */
		D0773A33236B9A820066C2A8 /* Sources */ = {
			isa = PBXSourcesBuildPhase;
			buildActionMask = 2147483647;
			files = (
				D0773A3F236B9A820066C2A8 /* ViewController.swift in Sources */,
				D0773A3B236B9A820066C2A8 /* AppDelegate.swift in Sources */,
				D0773A3D236B9A820066C2A8 /* SceneDelegate.swift in Sources */,
			);
			runOnlyForDeploymentPostprocessing = 0;
		};
/* End PBXSourcesBuildPhase section */

/* Begin PBXVariantGroup section */
		D0773A40236B9A820066C2A8 /* Main.storyboard */ = {
			isa = PBXVariantGroup;
			children = (
				D0773A41236B9A820066C2A8 /* Base */,
			);
			name = Main.storyboard;
			sourceTree = "<group>";
		};
		D0773A45236B9A830066C2A8 /* LaunchScreen.storyboard */ = {
			isa = PBXVariantGroup;
			children = (
				D0773A46236B9A830066C2A8 /* Base */,
			);
			name = LaunchScreen.storyboard;
			sourceTree = "<group>";
		};
/* End PBXVariantGroup section */

/* Begin XCBuildConfiguration section */
		D0773A49236B9A830066C2A8 /* Debug */ = {
			isa = XCBuildConfiguration;
			buildSettings = {
				ALWAYS_SEARCH_USER_PATHS = NO;
				CLANG_ANALYZER_NONNULL = YES;
				CLANG_ANALYZER_NUMBER_OBJECT_CONVERSION = YES_AGGRESSIVE;
				CLANG_CXX_LANGUAGE_STANDARD = "gnu++14";
				CLANG_CXX_LIBRARY = "libc++";
				CLANG_ENABLE_MODULES = YES;
				CLANG_ENABLE_OBJC_ARC = YES;
				CLANG_ENABLE_OBJC_WEAK = YES;
				CLANG_WARN_BLOCK_CAPTURE_AUTORELEASING = YES;
				CLANG_WARN_BOOL_CONVERSION = YES;
				CLANG_WARN_COMMA = YES;
				CLANG_WARN_CONSTANT_CONVERSION = YES;
				CLANG_WARN_DEPRECATED_OBJC_IMPLEMENTATIONS = YES;
				CLANG_WARN_DIRECT_OBJC_ISA_USAGE = YES_ERROR;
				CLANG_WARN_DOCUMENTATION_COMMENTS = YES;
				CLANG_WARN_EMPTY_BODY = YES;
				CLANG_WARN_ENUM_CONVERSION = YES;
				CLANG_WARN_INFINITE_RECURSION = YES;
				CLANG_WARN_INT_CONVERSION = YES;
				CLANG_WARN_NON_LITERAL_NULL_CONVERSION = YES;
				CLANG_WARN_OBJC_IMPLICIT_RETAIN_SELF = YES;
				CLANG_WARN_OBJC_LITERAL_CONVERSION = YES;
				CLANG_WARN_OBJC_ROOT_CLASS = YES_ERROR;
				CLANG_WARN_RANGE_LOOP_ANALYSIS = YES;
				CLANG_WARN_STRICT_PROTOTYPES = YES;
				CLANG_WARN_SUSPICIOUS_MOVE = YES;
				CLANG_WARN_UNGUARDED_AVAILABILITY = YES_AGGRESSIVE;
				CLANG_WARN_UNREACHABLE_CODE = YES;
				CLANG_WARN__DUPLICATE_METHOD_MATCH = YES;
				COPY_PHASE_STRIP = NO;
				DEBUG_INFORMATION_FORMAT = dwarf;
				ENABLE_STRICT_OBJC_MSGSEND = YES;
				ENABLE_TESTABILITY = YES;
				GCC_C_LANGUAGE_STANDARD = gnu11;
				GCC_DYNAMIC_NO_PIC = NO;
				GCC_NO_COMMON_BLOCKS = YES;
				GCC_OPTIMIZATION_LEVEL = 0;
				GCC_PREPROCESSOR_DEFINITIONS = (
					"DEBUG=1",
					"$(inherited)",
				);
				GCC_WARN_64_TO_32_BIT_CONVERSION = YES;
				GCC_WARN_ABOUT_RETURN_TYPE = YES_ERROR;
				GCC_WARN_UNDECLARED_SELECTOR = YES;
				GCC_WARN_UNINITIALIZED_AUTOS = YES_AGGRESSIVE;
				GCC_WARN_UNUSED_FUNCTION = YES;
				GCC_WARN_UNUSED_VARIABLE = YES;
				IPHONEOS_DEPLOYMENT_TARGET = 13.1;
				MTL_ENABLE_DEBUG_INFO = INCLUDE_SOURCE;
				MTL_FAST_MATH = YES;
				ONLY_ACTIVE_ARCH = YES;
				SDKROOT = iphoneos;
				SWIFT_ACTIVE_COMPILATION_CONDITIONS = DEBUG;
				SWIFT_OPTIMIZATION_LEVEL = "-Onone";
			};
			name = Debug;
		};
		D0773A4A236B9A830066C2A8 /* Release */ = {
			isa = XCBuildConfiguration;
			buildSettings = {
				ALWAYS_SEARCH_USER_PATHS = NO;
				CLANG_ANALYZER_NONNULL = YES;
				CLANG_ANALYZER_NUMBER_OBJECT_CONVERSION = YES_AGGRESSIVE;
				CLANG_CXX_LANGUAGE_STANDARD = "gnu++14";
				CLANG_CXX_LIBRARY = "libc++";
				CLANG_ENABLE_MODULES = YES;
				CLANG_ENABLE_OBJC_ARC = YES;
				CLANG_ENABLE_OBJC_WEAK = YES;
				CLANG_WARN_BLOCK_CAPTURE_AUTORELEASING = YES;
				CLANG_WARN_BOOL_CONVERSION = YES;
				CLANG_WARN_COMMA = YES;
				CLANG_WARN_CONSTANT_CONVERSION = YES;
				CLANG_WARN_DEPRECATED_OBJC_IMPLEMENTATIONS = YES;
				CLANG_WARN_DIRECT_OBJC_ISA_USAGE = YES_ERROR;
				CLANG_WARN_DOCUMENTATION_COMMENTS = YES;
				CLANG_WARN_EMPTY_BODY = YES;
				CLANG_WARN_ENUM_CONVERSION = YES;
				CLANG_WARN_INFINITE_RECURSION = YES;
				CLANG_WARN_INT_CONVERSION = YES;
				CLANG_WARN_NON_LITERAL_NULL_CONVERSION = YES;
				CLANG_WARN_OBJC_IMPLICIT_RETAIN_SELF = YES;
				CLANG_WARN_OBJC_LITERAL_CONVERSION = YES;
				CLANG_WARN_OBJC_ROOT_CLASS = YES_ERROR;
				CLANG_WARN_RANGE_LOOP_ANALYSIS = YES;
				CLANG_WARN_STRICT_PROTOTYPES = YES;
				CLANG_WARN_SUSPICIOUS_MOVE = YES;
				CLANG_WARN_UNGUARDED_AVAILABILITY = YES_AGGRESSIVE;
				CLANG_WARN_UNREACHABLE_CODE = YES;
				CLANG_WARN__DUPLICATE_METHOD_MATCH = YES;
				COPY_PHASE_STRIP = NO;
				DEBUG_INFORMATION_FORMAT = "dwarf-with-dsym";
				ENABLE_NS_ASSERTIONS = NO;
				ENABLE_STRICT_OBJC_MSGSEND = YES;
				GCC_C_LANGUAGE_STANDARD = gnu11;
				GCC_NO_COMMON_BLOCKS = YES;
				GCC_WARN_64_TO_32_BIT_CONVERSION = YES;
				GCC_WARN_ABOUT_RETURN_TYPE = YES_ERROR;
				GCC_WARN_UNDECLARED_SELECTOR = YES;
				GCC_WARN_UNINITIALIZED_AUTOS = YES_AGGRESSIVE;
				GCC_WARN_UNUSED_FUNCTION = YES;
				GCC_WARN_UNUSED_VARIABLE = YES;
				IPHONEOS_DEPLOYMENT_TARGET = 13.1;
				MTL_ENABLE_DEBUG_INFO = NO;
				MTL_FAST_MATH = YES;
				SDKROOT = iphoneos;
				SWIFT_COMPILATION_MODE = wholemodule;
				SWIFT_OPTIMIZATION_LEVEL = "-O";
				VALIDATE_PRODUCT = YES;
			};
			name = Release;
		};
		D0773A4C236B9A830066C2A8 /* Debug */ = {
			isa = XCBuildConfiguration;
			baseConfigurationReference = BBF4B3EE7ACCD32D56C1FFC2 /* Pods-ZippyJsonProject.debug.xcconfig */;
			buildSettings = {
				ASSETCATALOG_COMPILER_APPICON_NAME = AppIcon;
				CODE_SIGN_STYLE = Automatic;
				DEVELOPMENT_TEAM = VYDU87PPV5;
				INFOPLIST_FILE = ZippyJsonProject/Info.plist;
				LD_RUNPATH_SEARCH_PATHS = (
					"$(inherited)",
					"@executable_path/Frameworks",
				);
				PRODUCT_BUNDLE_IDENTIFIER = com.noahgilmore.ZippyJsonProject;
				PRODUCT_NAME = "$(TARGET_NAME)";
				SWIFT_VERSION = 5.0;
				TARGETED_DEVICE_FAMILY = "1,2";
			};
			name = Debug;
		};
		D0773A4D236B9A830066C2A8 /* Release */ = {
			isa = XCBuildConfiguration;
			baseConfigurationReference = 81D1EA5F443229843EA33630 /* Pods-ZippyJsonProject.release.xcconfig */;
			buildSettings = {
				ASSETCATALOG_COMPILER_APPICON_NAME = AppIcon;
				CODE_SIGN_STYLE = Automatic;
				DEVELOPMENT_TEAM = VYDU87PPV5;
				INFOPLIST_FILE = ZippyJsonProject/Info.plist;
				LD_RUNPATH_SEARCH_PATHS = (
					"$(inherited)",
					"@executable_path/Frameworks",
				);
				PRODUCT_BUNDLE_IDENTIFIER = com.noahgilmore.ZippyJsonProject;
				PRODUCT_NAME = "$(TARGET_NAME)";
				SWIFT_VERSION = 5.0;
				TARGETED_DEVICE_FAMILY = "1,2";
			};
			name = Release;
		};
/* End XCBuildConfiguration section */

/* Begin XCConfigurationList section */
		D0773A32236B9A820066C2A8 /* Build configuration list for PBXProject "ZippyJsonProject" */ = {
			isa = XCConfigurationList;
			buildConfigurations = (
				D0773A49236B9A830066C2A8 /* Debug */,
				D0773A4A236B9A830066C2A8 /* Release */,
			);
			defaultConfigurationIsVisible = 0;
			defaultConfigurationName = Release;
		};
		D0773A4B236B9A830066C2A8 /* Build configuration list for PBXNativeTarget "ZippyJsonProject" */ = {
			isa = XCConfigurationList;
			buildConfigurations = (
				D0773A4C236B9A830066C2A8 /* Debug */,
				D0773A4D236B9A830066C2A8 /* Release */,
			);
			defaultConfigurationIsVisible = 0;
			defaultConfigurationName = Release;
		};
/* End XCConfigurationList section */
	};
	rootObject = D0773A2F236B9A820066C2A8 /* Project object */;
}
